
Microsoft Visual Studio Solution File, Format Version 12.00
# Visual Studio Version 17
VisualStudioVersion = 17.7.34031.279
MinimumVisualStudioVersion = 10.0.40219.1
Project("{FAE04EC0-301F-11D3-BF4B-00C04F79EFBC}") = "TDDPOC.API", "TDDPOC\TDDPOC.API.csproj", "{83F2EE9E-9CFF-4EAC-99C5-213391DC1FE3}"
EndProject
Project("{FAE04EC0-301F-11D3-BF4B-00C04F79EFBC}") = "TDDPOC.UnitTest", "TDDPOC.UnitTest\TDDPOC.UnitTest.csproj", "{E85828AE-A01C-43DA-AADA-0B0023D78B90}"
EndProject
Project("{FAE04EC0-301F-11D3-BF4B-00C04F79EFBC}") = "TDDPOC.IntegrationTest", "TDDPOC.IntegrationTest\TDDPOC.IntegrationTest.csproj", "{A34EEE9E-32D1-440C-AD6F-D34D72BD5E1C}"
EndProject
Project("{FAE04EC0-301F-11D3-BF4B-00C04F79EFBC}") = "TDDPOC.Core", "TDDPOC.Core\TDDPOC.Core.csproj", "{A0405B49-14E2-44F7-A03C-9A80087A05C2}"
EndProject
Project("{FAE04EC0-301F-11D3-BF4B-00C04F79EFBC}") = "TDDPOC.Domain", "TDDPOC.Domain\TDDPOC.Domain.csproj", "{8DA50AC7-4968-411E-857B-8B8B7C2FC5F0}"
EndProject
Project("{FAE04EC0-301F-11D3-BF4B-00C04F79EFBC}") = "TDDPOC.Persistence", "TDDPOC.Persistance\TDDPOC.Persistence.csproj", "{9B95C084-E478-4B93-B259-86EBCA6B1018}"
EndProject
Global
	GlobalSection(SolutionConfigurationPlatforms) = preSolution
		Debug|Any CPU = Debug|Any CPU
		Release|Any CPU = Release|Any CPU
	EndGlobalSection
	GlobalSection(ProjectConfigurationPlatforms) = postSolution
		{83F2EE9E-9CFF-4EAC-99C5-213391DC1FE3}.Debug|Any CPU.ActiveCfg = Debug|Any CPU
		{83F2EE9E-9CFF-4EAC-99C5-213391DC1FE3}.Debug|Any CPU.Build.0 = Debug|Any CPU
		{83F2EE9E-9CFF-4EAC-99C5-213391DC1FE3}.Release|Any CPU.ActiveCfg = Release|Any CPU
		{83F2EE9E-9CFF-4EAC-99C5-213391DC1FE3}.Release|Any CPU.Build.0 = Release|Any CPU
		{E85828AE-A01C-43DA-AADA-0B0023D78B90}.Debug|Any CPU.ActiveCfg = Debug|Any CPU
		{E85828AE-A01C-43DA-AADA-0B0023D78B90}.Debug|Any CPU.Build.0 = Debug|Any CPU
		{E85828AE-A01C-43DA-AADA-0B0023D78B90}.Release|Any CPU.ActiveCfg = Release|Any CPU
		{E85828AE-A01C-43DA-AADA-0B0023D78B90}.Release|Any CPU.Build.0 = Release|Any CPU
		{A34EEE9E-32D1-440C-AD6F-D34D72BD5E1C}.Debug|Any CPU.ActiveCfg = Debug|Any CPU
		{A34EEE9E-32D1-440C-AD6F-D34D72BD5E1C}.Debug|Any CPU.Build.0 = Debug|Any CPU
		{A34EEE9E-32D1-440C-AD6F-D34D72BD5E1C}.Release|Any CPU.ActiveCfg = Release|Any CPU
		{A34EEE9E-32D1-440C-AD6F-D34D72BD5E1C}.Release|Any CPU.Build.0 = Release|Any CPU
		{A0405B49-14E2-44F7-A03C-9A80087A05C2}.Debug|Any CPU.ActiveCfg = Debug|Any CPU
		{A0405B49-14E2-44F7-A03C-9A80087A05C2}.Debug|Any CPU.Build.0 = Debug|Any CPU
		{A0405B49-14E2-44F7-A03C-9A80087A05C2}.Release|Any CPU.ActiveCfg = Release|Any CPU
		{A0405B49-14E2-44F7-A03C-9A80087A05C2}.Release|Any CPU.Build.0 = Release|Any CPU
		{8DA50AC7-4968-411E-857B-8B8B7C2FC5F0}.Debug|Any CPU.ActiveCfg = Debug|Any CPU
		{8DA50AC7-4968-411E-857B-8B8B7C2FC5F0}.Debug|Any CPU.Build.0 = Debug|Any CPU
		{8DA50AC7-4968-411E-857B-8B8B7C2FC5F0}.Release|Any CPU.ActiveCfg = Release|Any CPU
		{8DA50AC7-4968-411E-857B-8B8B7C2FC5F0}.Release|Any CPU.Build.0 = Release|Any CPU
		{9B95C084-E478-4B93-B259-86EBCA6B1018}.Debug|Any CPU.ActiveCfg = Debug|Any CPU
		{9B95C084-E478-4B93-B259-86EBCA6B1018}.Debug|Any CPU.Build.0 = Debug|Any CPU
		{9B95C084-E478-4B93-B259-86EBCA6B1018}.Release|Any CPU.ActiveCfg = Release|Any CPU
		{9B95C084-E478-4B93-B259-86EBCA6B1018}.Release|Any CPU.Build.0 = Release|Any CPU
	EndGlobalSection
	GlobalSection(SolutionProperties) = preSolution
		HideSolutionNode = FALSE
	EndGlobalSection
	GlobalSection(ExtensibilityGlobals) = postSolution
		SolutionGuid = {E881B3CE-CB26-436A-92A4-CED54613A8F9}
	EndGlobalSection
EndGlobal
